
Microsoft Visual Studio Solution File, Format Version 12.00
# Visual Studio Version 17
VisualStudioVersion = 17.0.31903.59
MinimumVisualStudioVersion = 10.0.40219.1
Project("{2150E333-8FDC-42A3-9474-1A3956D46DE8}") = "src", "src", "{827E0CD3-B72D-47B6-A68D-7590B98EB39B}"
EndProject
Project("{FAE04EC0-301F-11D3-BF4B-00C04F79EFBC}") = "HaloVPN.Protocol.Abstractions", "src\HaloVPN.Protocol.Abstractions\HaloVPN.Protocol.Abstractions.csproj", "{ABFAA5DF-1D3F-4FF9-ABC8-3B9E226335FC}"
EndProject
Project("{FAE04EC0-301F-11D3-BF4B-00C04F79EFBC}") = "HaloVPN.Protocol.Interop", "src\HaloVPN.Protocol.Interop\HaloVPN.Protocol.Interop.csproj", "{16966C95-0C55-4C74-A740-BB4909196AB4}"
EndProject
Project("{FAE04EC0-301F-11D3-BF4B-00C04F79EFBC}") = "HaloVPN.Transport", "src\HaloVPN.Transport\HaloVPN.Transport.csproj", "{D3CB3305-04E0-4B34-9509-177DA2658970}"
EndProject
Project("{FAE04EC0-301F-11D3-BF4B-00C04F79EFBC}") = "HaloVPN.Shared", "src\HaloVPN.Shared\HaloVPN.Shared.csproj", "{2EE92090-B105-4D3B-B571-0B8CC8302BC7}"
EndProject
Project("{FAE04EC0-301F-11D3-BF4B-00C04F79EFBC}") = "HaloVPN.Node", "src\HaloVPN.Node\HaloVPN.Node.csproj", "{9D945D2F-C41A-495E-8FAB-303141F37FB9}"
EndProject
Project("{FAE04EC0-301F-11D3-BF4B-00C04F79EFBC}") = "HaloVPN.WindowsService", "src\HaloVPN.WindowsService\HaloVPN.WindowsService.csproj", "{6AA6E9B9-D13A-4EEA-AF1F-06A1524B27CB}"
EndProject
Project("{2150E333-8FDC-42A3-9474-1A3956D46DE8}") = "tests", "tests", "{0AB3BF05-4346-4AA6-1389-037BE0695223}"
EndProject
Project("{FAE04EC0-301F-11D3-BF4B-00C04F79EFBC}") = "HaloVPN.Protocol.Tests", "tests\HaloVPN.Protocol.Tests\HaloVPN.Protocol.Tests.csproj", "{29895B64-C68A-4523-863F-CF428048B077}"
EndProject
Project("{FAE04EC0-301F-11D3-BF4B-00C04F79EFBC}") = "HaloVPN.ClientLab", "src\HaloVPN.ClientLab\HaloVPN.ClientLab.csproj", "{A0204408-94D6-4B77-8B0C-6113E4828019}"
EndProject
Project("{FAE04EC0-301F-11D3-BF4B-00C04F79EFBC}") = "HaloVPN.ServerLab", "src\HaloVPN.ServerLab\HaloVPN.ServerLab.csproj", "{907FF544-69CB-416F-9BF5-277D489AE6AC}"
EndProject
Project("{FAE04EC0-301F-11D3-BF4B-00C04F79EFBC}") = "HaloVPN.KeyGen", "src\HaloVPN.KeyGen\HaloVPN.KeyGen.csproj", "{AF9D2A9B-A5EB-4AD2-9520-4F800503659A}"
EndProject
Project("{FAE04EC0-301F-11D3-BF4B-00C04F79EFBC}") = "HaloVPN.Contracts", "src\HaloVPN.Contracts\HaloVPN.Contracts.csproj", "{C7CAD71D-CA0D-4BA1-9DBD-4E531FC422C3}"
EndProject
Project("{FAE04EC0-301F-11D3-BF4B-00C04F79EFBC}") = "HaloVPN.Infrastructure", "src\HaloVPN.Infrastructure\HaloVPN.Infrastructure.csproj", "{27633ED0-2605-4158-AEA9-32AC2B2B4B8E}"
EndProject
Project("{FAE04EC0-301F-11D3-BF4B-00C04F79EFBC}") = "HaloVPN.ControlPlane", "src\HaloVPN.ControlPlane\HaloVPN.ControlPlane.csproj", "{C612D40B-D446-4BC6-833C-65CCEF6C9DB1}"
EndProject
Project("{FAE04EC0-301F-11D3-BF4B-00C04F79EFBC}") = "HaloVPN.AdminCli", "src\HaloVPN.AdminCli\HaloVPN.AdminCli.csproj", "{30DA1E7E-E9F0-4204-8C9E-BC056AA798E5}"
EndProject
Project("{FAE04EC0-301F-11D3-BF4B-00C04F79EFBC}") = "HaloVPN.Node.Core", "src\HaloVPN.Node.Core\HaloVPN.Node.Core.csproj", "{5EB72841-AB62-4A05-BDF2-6015DCB146E3}"
EndProject
Project("{FAE04EC0-301F-11D3-BF4B-00C04F79EFBC}") = "HaloVPN.Platform.Linux", "src\HaloVPN.Platform.Linux\HaloVPN.Platform.Linux.csproj", "{FCE4EB98-DCE4-444B-B30A-197873274156}"
EndProject
Project("{FAE04EC0-301F-11D3-BF4B-00C04F79EFBC}") = "HaloVPN.Platform.Windows", "src\HaloVPN.Platform.Windows\HaloVPN.Platform.Windows.csproj", "{9DA6FC63-0C0A-4988-943B-7475CFB378EA}"
EndProject
Project("{FAE04EC0-301F-11D3-BF4B-00C04F79EFBC}") = "HaloVPN.Desktop", "src\HaloVPN.Desktop\HaloVPN.Desktop.csproj", "{AB0AE067-4059-41CA-9564-63C187D9A674}"
EndProject
Project("{FAE04EC0-301F-11D3-BF4B-00C04F79EFBC}") = "HaloVPN.Setup", "src\HaloVPN.Setup\HaloVPN.Setup.csproj", "{C4A1B2D3-E4F5-4678-90AB-CDEF12345678}"
EndProject
Project("{FAE04EC0-301F-11D3-BF4B-00C04F79EFBC}") = "HaloVPN.PrivateMvp.Tests", "tests\HaloVPN.PrivateMvp.Tests\HaloVPN.PrivateMvp.Tests.csproj", "{975CE921-8BD0-4B8C-B3F5-272ACA632537}"
EndProject
Project("{FAE04EC0-301F-11D3-BF4B-00C04F79EFBC}") = "HaloVPN.Windows.Tests", "tests\HaloVPN.Windows.Tests\HaloVPN.Windows.Tests.csproj", "{325125A6-4F10-4EC8-B1DD-C2FABC9BB9E4}"
EndProject
Project("{FAE04EC0-301F-11D3-BF4B-00C04F79EFBC}") = "HaloVPN.ControlPlane.Tests", "tests\HaloVPN.ControlPlane.Tests\HaloVPN.ControlPlane.Tests.csproj", "{93D47EB9-F973-495F-AA7A-E079865CE108}"
EndProject
Global
	GlobalSection(SolutionConfigurationPlatforms) = preSolution
		Debug|Any CPU = Debug|Any CPU
		Debug|x64 = Debug|x64
		Debug|x86 = Debug|x86
		Release|Any CPU = Release|Any CPU
		Release|x64 = Release|x64
		Release|x86 = Release|x86
	EndGlobalSection
	GlobalSection(ProjectConfigurationPlatforms) = postSolution
		{ABFAA5DF-1D3F-4FF9-ABC8-3B9E226335FC}.Debug|Any CPU.ActiveCfg = Debug|Any CPU
		{ABFAA5DF-1D3F-4FF9-ABC8-3B9E226335FC}.Debug|Any CPU.Build.0 = Debug|Any CPU
		{ABFAA5DF-1D3F-4FF9-ABC8-3B9E226335FC}.Debug|x64.ActiveCfg = Debug|Any CPU
		{ABFAA5DF-1D3F-4FF9-ABC8-3B9E226335FC}.Debug|x64.Build.0 = Debug|Any CPU
		{ABFAA5DF-1D3F-4FF9-ABC8-3B9E226335FC}.Debug|x86.ActiveCfg = Debug|Any CPU
		{ABFAA5DF-1D3F-4FF9-ABC8-3B9E226335FC}.Debug|x86.Build.0 = Debug|Any CPU
		{ABFAA5DF-1D3F-4FF9-ABC8-3B9E226335FC}.Release|Any CPU.ActiveCfg = Release|Any CPU
		{ABFAA5DF-1D3F-4FF9-ABC8-3B9E226335FC}.Release|Any CPU.Build.0 = Release|Any CPU
		{ABFAA5DF-1D3F-4FF9-ABC8-3B9E226335FC}.Release|x64.ActiveCfg = Release|Any CPU
		{ABFAA5DF-1D3F-4FF9-ABC8-3B9E226335FC}.Release|x64.Build.0 = Release|Any CPU
		{ABFAA5DF-1D3F-4FF9-ABC8-3B9E226335FC}.Release|x86.ActiveCfg = Release|Any CPU
		{ABFAA5DF-1D3F-4FF9-ABC8-3B9E226335FC}.Release|x86.Build.0 = Release|Any CPU
		{16966C95-0C55-4C74-A740-BB4909196AB4}.Debug|Any CPU.ActiveCfg = Debug|Any CPU
		{16966C95-0C55-4C74-A740-BB4909196AB4}.Debug|Any CPU.Build.0 = Debug|Any CPU
		{16966C95-0C55-4C74-A740-BB4909196AB4}.Debug|x64.ActiveCfg = Debug|Any CPU
		{16966C95-0C55-4C74-A740-BB4909196AB4}.Debug|x64.Build.0 = Debug|Any CPU
		{16966C95-0C55-4C74-A740-BB4909196AB4}.Debug|x86.ActiveCfg = Debug|Any CPU
		{16966C95-0C55-4C74-A740-BB4909196AB4}.Debug|x86.Build.0 = Debug|Any CPU
		{16966C95-0C55-4C74-A740-BB4909196AB4}.Release|Any CPU.ActiveCfg = Release|Any CPU
		{16966C95-0C55-4C74-A740-BB4909196AB4}.Release|Any CPU.Build.0 = Release|Any CPU
		{16966C95-0C55-4C74-A740-BB4909196AB4}.Release|x64.ActiveCfg = Release|Any CPU
		{16966C95-0C55-4C74-A740-BB4909196AB4}.Release|x64.Build.0 = Release|Any CPU
		{16966C95-0C55-4C74-A740-BB4909196AB4}.Release|x86.ActiveCfg = Release|Any CPU
		{16966C95-0C55-4C74-A740-BB4909196AB4}.Release|x86.Build.0 = Release|Any CPU
		{D3CB3305-04E0-4B34-9509-177DA2658970}.Debug|Any CPU.ActiveCfg = Debug|Any CPU
		{D3CB3305-04E0-4B34-9509-177DA2658970}.Debug|Any CPU.Build.0 = Debug|Any CPU
		{D3CB3305-04E0-4B34-9509-177DA2658970}.Debug|x64.ActiveCfg = Debug|Any CPU
		{D3CB3305-04E0-4B34-9509-177DA2658970}.Debug|x64.Build.0 = Debug|Any CPU
		{D3CB3305-04E0-4B34-9509-177DA2658970}.Debug|x86.ActiveCfg = Debug|Any CPU
		{D3CB3305-04E0-4B34-9509-177DA2658970}.Debug|x86.Build.0 = Debug|Any CPU
		{D3CB3305-04E0-4B34-9509-177DA2658970}.Release|Any CPU.ActiveCfg = Release|Any CPU
		{D3CB3305-04E0-4B34-9509-177DA2658970}.Release|Any CPU.Build.0 = Release|Any CPU
		{D3CB3305-04E0-4B34-9509-177DA2658970}.Release|x64.ActiveCfg = Release|Any CPU
		{D3CB3305-04E0-4B34-9509-177DA2658970}.Release|x64.Build.0 = Release|Any CPU
		{D3CB3305-04E0-4B34-9509-177DA2658970}.Release|x86.ActiveCfg = Release|Any CPU
		{D3CB3305-04E0-4B34-9509-177DA2658970}.Release|x86.Build.0 = Release|Any CPU
		{2EE92090-B105-4D3B-B571-0B8CC8302BC7}.Debug|Any CPU.ActiveCfg = Debug|Any CPU
		{2EE92090-B105-4D3B-B571-0B8CC8302BC7}.Debug|Any CPU.Build.0 = Debug|Any CPU
		{2EE92090-B105-4D3B-B571-0B8CC8302BC7}.Debug|x64.ActiveCfg = Debug|Any CPU
		{2EE92090-B105-4D3B-B571-0B8CC8302BC7}.Debug|x64.Build.0 = Debug|Any CPU
		{2EE92090-B105-4D3B-B571-0B8CC8302BC7}.Debug|x86.ActiveCfg = Debug|Any CPU
		{2EE92090-B105-4D3B-B571-0B8CC8302BC7}.Debug|x86.Build.0 = Debug|Any CPU
		{2EE92090-B105-4D3B-B571-0B8CC8302BC7}.Release|Any CPU.ActiveCfg = Release|Any CPU
		{2EE92090-B105-4D3B-B571-0B8CC8302BC7}.Release|Any CPU.Build.0 = Release|Any CPU
		{2EE92090-B105-4D3B-B571-0B8CC8302BC7}.Release|x64.ActiveCfg = Release|Any CPU
		{2EE92090-B105-4D3B-B571-0B8CC8302BC7}.Release|x64.Build.0 = Release|Any CPU
		{2EE92090-B105-4D3B-B571-0B8CC8302BC7}.Release|x86.ActiveCfg = Release|Any CPU
		{2EE92090-B105-4D3B-B571-0B8CC8302BC7}.Release|x86.Build.0 = Release|Any CPU
		{9D945D2F-C41A-495E-8FAB-303141F37FB9}.Debug|Any CPU.ActiveCfg = Debug|Any CPU
		{9D945D2F-C41A-495E-8FAB-303141F37FB9}.Debug|Any CPU.Build.0 = Debug|Any CPU
		{9D945D2F-C41A-495E-8FAB-303141F37FB9}.Debug|x64.ActiveCfg = Debug|Any CPU
		{9D945D2F-C41A-495E-8FAB-303141F37FB9}.Debug|x64.Build.0 = Debug|Any CPU
		{9D945D2F-C41A-495E-8FAB-303141F37FB9}.Debug|x86.ActiveCfg = Debug|Any CPU
		{9D945D2F-C41A-495E-8FAB-303141F37FB9}.Debug|x86.Build.0 = Debug|Any CPU
		{9D945D2F-C41A-495E-8FAB-303141F37FB9}.Release|Any CPU.ActiveCfg = Release|Any CPU
		{9D945D2F-C41A-495E-8FAB-303141F37FB9}.Release|Any CPU.Build.0 = Release|Any CPU
		{9D945D2F-C41A-495E-8FAB-303141F37FB9}.Release|x64.ActiveCfg = Release|Any CPU
		{9D945D2F-C41A-495E-8FAB-303141F37FB9}.Release|x64.Build.0 = Release|Any CPU
		{9D945D2F-C41A-495E-8FAB-303141F37FB9}.Release|x86.ActiveCfg = Release|Any CPU
		{9D945D2F-C41A-495E-8FAB-303141F37FB9}.Release|x86.Build.0 = Release|Any CPU
		{6AA6E9B9-D13A-4EEA-AF1F-06A1524B27CB}.Debug|Any CPU.ActiveCfg = Debug|Any CPU
		{6AA6E9B9-D13A-4EEA-AF1F-06A1524B27CB}.Debug|Any CPU.Build.0 = Debug|Any CPU
		{6AA6E9B9-D13A-4EEA-AF1F-06A1524B27CB}.Debug|x64.ActiveCfg = Debug|Any CPU
		{6AA6E9B9-D13A-4EEA-AF1F-06A1524B27CB}.Debug|x64.Build.0 = Debug|Any CPU
		{6AA6E9B9-D13A-4EEA-AF1F-06A1524B27CB}.Debug|x86.ActiveCfg = Debug|Any CPU
		{6AA6E9B9-D13A-4EEA-AF1F-06A1524B27CB}.Debug|x86.Build.0 = Debug|Any CPU
		{6AA6E9B9-D13A-4EEA-AF1F-06A1524B27CB}.Release|Any CPU.ActiveCfg = Release|Any CPU
		{6AA6E9B9-D13A-4EEA-AF1F-06A1524B27CB}.Release|Any CPU.Build.0 = Release|Any CPU
		{6AA6E9B9-D13A-4EEA-AF1F-06A1524B27CB}.Release|x64.ActiveCfg = Release|Any CPU
		{6AA6E9B9-D13A-4EEA-AF1F-06A1524B27CB}.Release|x64.Build.0 = Release|Any CPU
		{6AA6E9B9-D13A-4EEA-AF1F-06A1524B27CB}.Release|x86.ActiveCfg = Release|Any CPU
		{6AA6E9B9-D13A-4EEA-AF1F-06A1524B27CB}.Release|x86.Build.0 = Release|Any CPU
		{29895B64-C68A-4523-863F-CF428048B077}.Debug|Any CPU.ActiveCfg = Debug|Any CPU
		{29895B64-C68A-4523-863F-CF428048B077}.Debug|Any CPU.Build.0 = Debug|Any CPU
		{29895B64-C68A-4523-863F-CF428048B077}.Debug|x64.ActiveCfg = Debug|Any CPU
		{29895B64-C68A-4523-863F-CF428048B077}.Debug|x64.Build.0 = Debug|Any CPU
		{29895B64-C68A-4523-863F-CF428048B077}.Debug|x86.ActiveCfg = Debug|Any CPU
		{29895B64-C68A-4523-863F-CF428048B077}.Debug|x86.Build.0 = Debug|Any CPU
		{29895B64-C68A-4523-863F-CF428048B077}.Release|Any CPU.ActiveCfg = Release|Any CPU
		{29895B64-C68A-4523-863F-CF428048B077}.Release|Any CPU.Build.0 = Release|Any CPU
		{29895B64-C68A-4523-863F-CF428048B077}.Release|x64.ActiveCfg = Release|Any CPU
		{29895B64-C68A-4523-863F-CF428048B077}.Release|x64.Build.0 = Release|Any CPU
		{29895B64-C68A-4523-863F-CF428048B077}.Release|x86.ActiveCfg = Release|Any CPU
		{29895B64-C68A-4523-863F-CF428048B077}.Release|x86.Build.0 = Release|Any CPU
		{A0204408-94D6-4B77-8B0C-6113E4828019}.Debug|Any CPU.ActiveCfg = Debug|Any CPU
		{A0204408-94D6-4B77-8B0C-6113E4828019}.Debug|Any CPU.Build.0 = Debug|Any CPU
		{A0204408-94D6-4B77-8B0C-6113E4828019}.Debug|x64.ActiveCfg = Debug|Any CPU
		{A0204408-94D6-4B77-8B0C-6113E4828019}.Debug|x64.Build.0 = Debug|Any CPU
		{A0204408-94D6-4B77-8B0C-6113E4828019}.Debug|x86.ActiveCfg = Debug|Any CPU
		{A0204408-94D6-4B77-8B0C-6113E4828019}.Debug|x86.Build.0 = Debug|Any CPU
		{A0204408-94D6-4B77-8B0C-6113E4828019}.Release|Any CPU.ActiveCfg = Release|Any CPU
		{A0204408-94D6-4B77-8B0C-6113E4828019}.Release|Any CPU.Build.0 = Release|Any CPU
		{A0204408-94D6-4B77-8B0C-6113E4828019}.Release|x64.ActiveCfg = Release|Any CPU
		{A0204408-94D6-4B77-8B0C-6113E4828019}.Release|x64.Build.0 = Release|Any CPU
		{A0204408-94D6-4B77-8B0C-6113E4828019}.Release|x86.ActiveCfg = Release|Any CPU
		{A0204408-94D6-4B77-8B0C-6113E4828019}.Release|x86.Build.0 = Release|Any CPU
		{907FF544-69CB-416F-9BF5-277D489AE6AC}.Debug|Any CPU.ActiveCfg = Debug|Any CPU
		{907FF544-69CB-416F-9BF5-277D489AE6AC}.Debug|Any CPU.Build.0 = Debug|Any CPU
		{907FF544-69CB-416F-9BF5-277D489AE6AC}.Debug|x64.ActiveCfg = Debug|Any CPU
		{907FF544-69CB-416F-9BF5-277D489AE6AC}.Debug|x64.Build.0 = Debug|Any CPU
		{907FF544-69CB-416F-9BF5-277D489AE6AC}.Debug|x86.ActiveCfg = Debug|Any CPU
		{907FF544-69CB-416F-9BF5-277D489AE6AC}.Debug|x86.Build.0 = Debug|Any CPU
		{907FF544-69CB-416F-9BF5-277D489AE6AC}.Release|Any CPU.ActiveCfg = Release|Any CPU
		{907FF544-69CB-416F-9BF5-277D489AE6AC}.Release|Any CPU.Build.0 = Release|Any CPU
		{907FF544-69CB-416F-9BF5-277D489AE6AC}.Release|x64.ActiveCfg = Release|Any CPU
		{907FF544-69CB-416F-9BF5-277D489AE6AC}.Release|x64.Build.0 = Release|Any CPU
		{907FF544-69CB-416F-9BF5-277D489AE6AC}.Release|x86.ActiveCfg = Release|Any CPU
		{907FF544-69CB-416F-9BF5-277D489AE6AC}.Release|x86.Build.0 = Release|Any CPU
		{AF9D2A9B-A5EB-4AD2-9520-4F800503659A}.Debug|Any CPU.ActiveCfg = Debug|Any CPU
		{AF9D2A9B-A5EB-4AD2-9520-4F800503659A}.Debug|Any CPU.Build.0 = Debug|Any CPU
		{AF9D2A9B-A5EB-4AD2-9520-4F800503659A}.Debug|x64.ActiveCfg = Debug|Any CPU
		{AF9D2A9B-A5EB-4AD2-9520-4F800503659A}.Debug|x64.Build.0 = Debug|Any CPU
		{AF9D2A9B-A5EB-4AD2-9520-4F800503659A}.Debug|x86.ActiveCfg = Debug|Any CPU
		{AF9D2A9B-A5EB-4AD2-9520-4F800503659A}.Debug|x86.Build.0 = Debug|Any CPU
		{AF9D2A9B-A5EB-4AD2-9520-4F800503659A}.Release|Any CPU.ActiveCfg = Release|Any CPU
		{AF9D2A9B-A5EB-4AD2-9520-4F800503659A}.Release|Any CPU.Build.0 = Release|Any CPU
		{AF9D2A9B-A5EB-4AD2-9520-4F800503659A}.Release|x64.ActiveCfg = Release|Any CPU
		{AF9D2A9B-A5EB-4AD2-9520-4F800503659A}.Release|x64.Build.0 = Release|Any CPU
		{AF9D2A9B-A5EB-4AD2-9520-4F800503659A}.Release|x86.ActiveCfg = Release|Any CPU
		{AF9D2A9B-A5EB-4AD2-9520-4F800503659A}.Release|x86.Build.0 = Release|Any CPU
		{C7CAD71D-CA0D-4BA1-9DBD-4E531FC422C3}.Debug|Any CPU.ActiveCfg = Debug|Any CPU
		{C7CAD71D-CA0D-4BA1-9DBD-4E531FC422C3}.Debug|Any CPU.Build.0 = Debug|Any CPU
		{C7CAD71D-CA0D-4BA1-9DBD-4E531FC422C3}.Debug|x64.ActiveCfg = Debug|Any CPU
		{C7CAD71D-CA0D-4BA1-9DBD-4E531FC422C3}.Debug|x64.Build.0 = Debug|Any CPU
		{C7CAD71D-CA0D-4BA1-9DBD-4E531FC422C3}.Debug|x86.ActiveCfg = Debug|Any CPU
		{C7CAD71D-CA0D-4BA1-9DBD-4E531FC422C3}.Debug|x86.Build.0 = Debug|Any CPU
		{C7CAD71D-CA0D-4BA1-9DBD-4E531FC422C3}.Release|Any CPU.ActiveCfg = Release|Any CPU
		{C7CAD71D-CA0D-4BA1-9DBD-4E531FC422C3}.Release|Any CPU.Build.0 = Release|Any CPU
		{C7CAD71D-CA0D-4BA1-9DBD-4E531FC422C3}.Release|x64.ActiveCfg = Release|Any CPU
		{C7CAD71D-CA0D-4BA1-9DBD-4E531FC422C3}.Release|x64.Build.0 = Release|Any CPU
		{C7CAD71D-CA0D-4BA1-9DBD-4E531FC422C3}.Release|x86.ActiveCfg = Release|Any CPU
		{C7CAD71D-CA0D-4BA1-9DBD-4E531FC422C3}.Release|x86.Build.0 = Release|Any CPU
		{27633ED0-2605-4158-AEA9-32AC2B2B4B8E}.Debug|Any CPU.ActiveCfg = Debug|Any CPU
		{27633ED0-2605-4158-AEA9-32AC2B2B4B8E}.Debug|Any CPU.Build.0 = Debug|Any CPU
		{27633ED0-2605-4158-AEA9-32AC2B2B4B8E}.Debug|x64.ActiveCfg = Debug|Any CPU
		{27633ED0-2605-4158-AEA9-32AC2B2B4B8E}.Debug|x64.Build.0 = Debug|Any CPU
		{27633ED0-2605-4158-AEA9-32AC2B2B4B8E}.Debug|x86.ActiveCfg = Debug|Any CPU
		{27633ED0-2605-4158-AEA9-32AC2B2B4B8E}.Debug|x86.Build.0 = Debug|Any CPU
		{27633ED0-2605-4158-AEA9-32AC2B2B4B8E}.Release|Any CPU.ActiveCfg = Release|Any CPU
		{27633ED0-2605-4158-AEA9-32AC2B2B4B8E}.Release|Any CPU.Build.0 = Release|Any CPU
		{27633ED0-2605-4158-AEA9-32AC2B2B4B8E}.Release|x64.ActiveCfg = Release|Any CPU
		{27633ED0-2605-4158-AEA9-32AC2B2B4B8E}.Release|x64.Build.0 = Release|Any CPU
		{27633ED0-2605-4158-AEA9-32AC2B2B4B8E}.Release|x86.ActiveCfg = Release|Any CPU
		{27633ED0-2605-4158-AEA9-32AC2B2B4B8E}.Release|x86.Build.0 = Release|Any CPU
		{C612D40B-D446-4BC6-833C-65CCEF6C9DB1}.Debug|Any CPU.ActiveCfg = Debug|Any CPU
		{C612D40B-D446-4BC6-833C-65CCEF6C9DB1}.Debug|Any CPU.Build.0 = Debug|Any CPU
		{C612D40B-D446-4BC6-833C-65CCEF6C9DB1}.Debug|x64.ActiveCfg = Debug|Any CPU
		{C612D40B-D446-4BC6-833C-65CCEF6C9DB1}.Debug|x64.Build.0 = Debug|Any CPU
		{C612D40B-D446-4BC6-833C-65CCEF6C9DB1}.Debug|x86.ActiveCfg = Debug|Any CPU
		{C612D40B-D446-4BC6-833C-65CCEF6C9DB1}.Debug|x86.Build.0 = Debug|Any CPU
		{C612D40B-D446-4BC6-833C-65CCEF6C9DB1}.Release|Any CPU.ActiveCfg = Release|Any CPU
		{C612D40B-D446-4BC6-833C-65CCEF6C9DB1}.Release|Any CPU.Build.0 = Release|Any CPU
		{C612D40B-D446-4BC6-833C-65CCEF6C9DB1}.Release|x64.ActiveCfg = Release|Any CPU
		{C612D40B-D446-4BC6-833C-65CCEF6C9DB1}.Release|x64.Build.0 = Release|Any CPU
		{C612D40B-D446-4BC6-833C-65CCEF6C9DB1}.Release|x86.ActiveCfg = Release|Any CPU
		{C612D40B-D446-4BC6-833C-65CCEF6C9DB1}.Release|x86.Build.0 = Release|Any CPU
		{30DA1E7E-E9F0-4204-8C9E-BC056AA798E5}.Debug|Any CPU.ActiveCfg = Debug|Any CPU
		{30DA1E7E-E9F0-4204-8C9E-BC056AA798E5}.Debug|Any CPU.Build.0 = Debug|Any CPU
		{30DA1E7E-E9F0-4204-8C9E-BC056AA798E5}.Debug|x64.ActiveCfg = Debug|Any CPU
		{30DA1E7E-E9F0-4204-8C9E-BC056AA798E5}.Debug|x64.Build.0 = Debug|Any CPU
		{30DA1E7E-E9F0-4204-8C9E-BC056AA798E5}.Debug|x86.ActiveCfg = Debug|Any CPU
		{30DA1E7E-E9F0-4204-8C9E-BC056AA798E5}.Debug|x86.Build.0 = Debug|Any CPU
		{30DA1E7E-E9F0-4204-8C9E-BC056AA798E5}.Release|Any CPU.ActiveCfg = Release|Any CPU
		{30DA1E7E-E9F0-4204-8C9E-BC056AA798E5}.Release|Any CPU.Build.0 = Release|Any CPU
		{30DA1E7E-E9F0-4204-8C9E-BC056AA798E5}.Release|x64.ActiveCfg = Release|Any CPU
		{30DA1E7E-E9F0-4204-8C9E-BC056AA798E5}.Release|x64.Build.0 = Release|Any CPU
		{30DA1E7E-E9F0-4204-8C9E-BC056AA798E5}.Release|x86.ActiveCfg = Release|Any CPU
		{30DA1E7E-E9F0-4204-8C9E-BC056AA798E5}.Release|x86.Build.0 = Release|Any CPU
		{5EB72841-AB62-4A05-BDF2-6015DCB146E3}.Debug|Any CPU.ActiveCfg = Debug|Any CPU
		{5EB72841-AB62-4A05-BDF2-6015DCB146E3}.Debug|Any CPU.Build.0 = Debug|Any CPU
		{5EB72841-AB62-4A05-BDF2-6015DCB146E3}.Debug|x64.ActiveCfg = Debug|Any CPU
		{5EB72841-AB62-4A05-BDF2-6015DCB146E3}.Debug|x64.Build.0 = Debug|Any CPU
		{5EB72841-AB62-4A05-BDF2-6015DCB146E3}.Debug|x86.ActiveCfg = Debug|Any CPU
		{5EB72841-AB62-4A05-BDF2-6015DCB146E3}.Debug|x86.Build.0 = Debug|Any CPU
		{5EB72841-AB62-4A05-BDF2-6015DCB146E3}.Release|Any CPU.ActiveCfg = Release|Any CPU
		{5EB72841-AB62-4A05-BDF2-6015DCB146E3}.Release|Any CPU.Build.0 = Release|Any CPU
		{5EB72841-AB62-4A05-BDF2-6015DCB146E3}.Release|x64.ActiveCfg = Release|Any CPU
		{5EB72841-AB62-4A05-BDF2-6015DCB146E3}.Release|x64.Build.0 = Release|Any CPU
		{5EB72841-AB62-4A05-BDF2-6015DCB146E3}.Release|x86.ActiveCfg = Release|Any CPU
		{5EB72841-AB62-4A05-BDF2-6015DCB146E3}.Release|x86.Build.0 = Release|Any CPU
		{FCE4EB98-DCE4-444B-B30A-197873274156}.Debug|Any CPU.ActiveCfg = Debug|Any CPU
		{FCE4EB98-DCE4-444B-B30A-197873274156}.Debug|Any CPU.Build.0 = Debug|Any CPU
		{FCE4EB98-DCE4-444B-B30A-197873274156}.Debug|x64.ActiveCfg = Debug|Any CPU
		{FCE4EB98-DCE4-444B-B30A-197873274156}.Debug|x64.Build.0 = Debug|Any CPU
		{FCE4EB98-DCE4-444B-B30A-197873274156}.Debug|x86.ActiveCfg = Debug|Any CPU
		{FCE4EB98-DCE4-444B-B30A-197873274156}.Debug|x86.Build.0 = Debug|Any CPU
		{FCE4EB98-DCE4-444B-B30A-197873274156}.Release|Any CPU.ActiveCfg = Release|Any CPU
		{FCE4EB98-DCE4-444B-B30A-197873274156}.Release|Any CPU.Build.0 = Release|Any CPU
		{FCE4EB98-DCE4-444B-B30A-197873274156}.Release|x64.ActiveCfg = Release|Any CPU
		{FCE4EB98-DCE4-444B-B30A-197873274156}.Release|x64.Build.0 = Release|Any CPU
		{FCE4EB98-DCE4-444B-B30A-197873274156}.Release|x86.ActiveCfg = Release|Any CPU
		{FCE4EB98-DCE4-444B-B30A-197873274156}.Release|x86.Build.0 = Release|Any CPU
		{9DA6FC63-0C0A-4988-943B-7475CFB378EA}.Debug|Any CPU.ActiveCfg = Debug|Any CPU
		{9DA6FC63-0C0A-4988-943B-7475CFB378EA}.Debug|Any CPU.Build.0 = Debug|Any CPU
		{9DA6FC63-0C0A-4988-943B-7475CFB378EA}.Debug|x64.ActiveCfg = Debug|Any CPU
		{9DA6FC63-0C0A-4988-943B-7475CFB378EA}.Debug|x64.Build.0 = Debug|Any CPU
		{9DA6FC63-0C0A-4988-943B-7475CFB378EA}.Debug|x86.ActiveCfg = Debug|Any CPU
		{9DA6FC63-0C0A-4988-943B-7475CFB378EA}.Debug|x86.Build.0 = Debug|Any CPU
		{9DA6FC63-0C0A-4988-943B-7475CFB378EA}.Release|Any CPU.ActiveCfg = Release|Any CPU
		{9DA6FC63-0C0A-4988-943B-7475CFB378EA}.Release|Any CPU.Build.0 = Release|Any CPU
		{9DA6FC63-0C0A-4988-943B-7475CFB378EA}.Release|x64.ActiveCfg = Release|Any CPU
		{9DA6FC63-0C0A-4988-943B-7475CFB378EA}.Release|x64.Build.0 = Release|Any CPU
		{9DA6FC63-0C0A-4988-943B-7475CFB378EA}.Release|x86.ActiveCfg = Release|Any CPU
		{9DA6FC63-0C0A-4988-943B-7475CFB378EA}.Release|x86.Build.0 = Release|Any CPU
		{AB0AE067-4059-41CA-9564-63C187D9A674}.Debug|Any CPU.ActiveCfg = Debug|Any CPU
		{AB0AE067-4059-41CA-9564-63C187D9A674}.Debug|Any CPU.Build.0 = Debug|Any CPU
		{AB0AE067-4059-41CA-9564-63C187D9A674}.Debug|x64.ActiveCfg = Debug|Any CPU
		{AB0AE067-4059-41CA-9564-63C187D9A674}.Debug|x64.Build.0 = Debug|Any CPU
		{AB0AE067-4059-41CA-9564-63C187D9A674}.Debug|x86.ActiveCfg = Debug|Any CPU
		{AB0AE067-4059-41CA-9564-63C187D9A674}.Debug|x86.Build.0 = Debug|Any CPU
		{AB0AE067-4059-41CA-9564-63C187D9A674}.Release|Any CPU.ActiveCfg = Release|Any CPU
		{AB0AE067-4059-41CA-9564-63C187D9A674}.Release|Any CPU.Build.0 = Release|Any CPU
		{AB0AE067-4059-41CA-9564-63C187D9A674}.Release|x64.ActiveCfg = Release|Any CPU
		{AB0AE067-4059-41CA-9564-63C187D9A674}.Release|x64.Build.0 = Release|Any CPU
		{AB0AE067-4059-41CA-9564-63C187D9A674}.Release|x86.ActiveCfg = Release|Any CPU
		{AB0AE067-4059-41CA-9564-63C187D9A674}.Release|x86.Build.0 = Release|Any CPU
		{C4A1B2D3-E4F5-4678-90AB-CDEF12345678}.Debug|Any CPU.ActiveCfg = Debug|Any CPU
		{C4A1B2D3-E4F5-4678-90AB-CDEF12345678}.Debug|Any CPU.Build.0 = Debug|Any CPU
		{C4A1B2D3-E4F5-4678-90AB-CDEF12345678}.Debug|x64.ActiveCfg = Debug|Any CPU
		{C4A1B2D3-E4F5-4678-90AB-CDEF12345678}.Debug|x64.Build.0 = Debug|Any CPU
		{C4A1B2D3-E4F5-4678-90AB-CDEF12345678}.Debug|x86.ActiveCfg = Debug|Any CPU
		{C4A1B2D3-E4F5-4678-90AB-CDEF12345678}.Debug|x86.Build.0 = Debug|Any CPU
		{C4A1B2D3-E4F5-4678-90AB-CDEF12345678}.Release|Any CPU.ActiveCfg = Release|Any CPU
		{C4A1B2D3-E4F5-4678-90AB-CDEF12345678}.Release|Any CPU.Build.0 = Release|Any CPU
		{C4A1B2D3-E4F5-4678-90AB-CDEF12345678}.Release|x64.ActiveCfg = Release|Any CPU
		{C4A1B2D3-E4F5-4678-90AB-CDEF12345678}.Release|x64.Build.0 = Release|Any CPU
		{C4A1B2D3-E4F5-4678-90AB-CDEF12345678}.Release|x86.ActiveCfg = Release|Any CPU
		{C4A1B2D3-E4F5-4678-90AB-CDEF12345678}.Release|x86.Build.0 = Release|Any CPU
		{975CE921-8BD0-4B8C-B3F5-272ACA632537}.Debug|Any CPU.ActiveCfg = Debug|Any CPU
		{975CE921-8BD0-4B8C-B3F5-272ACA632537}.Debug|Any CPU.Build.0 = Debug|Any CPU
		{975CE921-8BD0-4B8C-B3F5-272ACA632537}.Debug|x64.ActiveCfg = Debug|Any CPU
		{975CE921-8BD0-4B8C-B3F5-272ACA632537}.Debug|x64.Build.0 = Debug|Any CPU
		{975CE921-8BD0-4B8C-B3F5-272ACA632537}.Debug|x86.ActiveCfg = Debug|Any CPU
		{975CE921-8BD0-4B8C-B3F5-272ACA632537}.Debug|x86.Build.0 = Debug|Any CPU
		{975CE921-8BD0-4B8C-B3F5-272ACA632537}.Release|Any CPU.ActiveCfg = Release|Any CPU
		{975CE921-8BD0-4B8C-B3F5-272ACA632537}.Release|Any CPU.Build.0 = Release|Any CPU
		{975CE921-8BD0-4B8C-B3F5-272ACA632537}.Release|x64.ActiveCfg = Release|Any CPU
		{975CE921-8BD0-4B8C-B3F5-272ACA632537}.Release|x64.Build.0 = Release|Any CPU
		{975CE921-8BD0-4B8C-B3F5-272ACA632537}.Release|x86.ActiveCfg = Release|Any CPU
		{975CE921-8BD0-4B8C-B3F5-272ACA632537}.Release|x86.Build.0 = Release|Any CPU
		{325125A6-4F10-4EC8-B1DD-C2FABC9BB9E4}.Debug|Any CPU.ActiveCfg = Debug|Any CPU
		{325125A6-4F10-4EC8-B1DD-C2FABC9BB9E4}.Debug|Any CPU.Build.0 = Debug|Any CPU
		{325125A6-4F10-4EC8-B1DD-C2FABC9BB9E4}.Debug|x64.ActiveCfg = Debug|Any CPU
		{325125A6-4F10-4EC8-B1DD-C2FABC9BB9E4}.Debug|x64.Build.0 = Debug|Any CPU
		{325125A6-4F10-4EC8-B1DD-C2FABC9BB9E4}.Debug|x86.ActiveCfg = Debug|Any CPU
		{325125A6-4F10-4EC8-B1DD-C2FABC9BB9E4}.Debug|x86.Build.0 = Debug|Any CPU
		{325125A6-4F10-4EC8-B1DD-C2FABC9BB9E4}.Release|Any CPU.ActiveCfg = Release|Any CPU
		{325125A6-4F10-4EC8-B1DD-C2FABC9BB9E4}.Release|Any CPU.Build.0 = Release|Any CPU
		{325125A6-4F10-4EC8-B1DD-C2FABC9BB9E4}.Release|x64.ActiveCfg = Release|Any CPU
		{325125A6-4F10-4EC8-B1DD-C2FABC9BB9E4}.Release|x64.Build.0 = Release|Any CPU
		{325125A6-4F10-4EC8-B1DD-C2FABC9BB9E4}.Release|x86.ActiveCfg = Release|Any CPU
		{325125A6-4F10-4EC8-B1DD-C2FABC9BB9E4}.Release|x86.Build.0 = Release|Any CPU
		{93D47EB9-F973-495F-AA7A-E079865CE108}.Debug|Any CPU.ActiveCfg = Debug|Any CPU
		{93D47EB9-F973-495F-AA7A-E079865CE108}.Debug|Any CPU.Build.0 = Debug|Any CPU
		{93D47EB9-F973-495F-AA7A-E079865CE108}.Debug|x64.ActiveCfg = Debug|Any CPU
		{93D47EB9-F973-495F-AA7A-E079865CE108}.Debug|x64.Build.0 = Debug|Any CPU
		{93D47EB9-F973-495F-AA7A-E079865CE108}.Debug|x86.ActiveCfg = Debug|Any CPU
		{93D47EB9-F973-495F-AA7A-E079865CE108}.Debug|x86.Build.0 = Debug|Any CPU
		{93D47EB9-F973-495F-AA7A-E079865CE108}.Release|Any CPU.ActiveCfg = Release|Any CPU
		{93D47EB9-F973-495F-AA7A-E079865CE108}.Release|Any CPU.Build.0 = Release|Any CPU
		{93D47EB9-F973-495F-AA7A-E079865CE108}.Release|x64.ActiveCfg = Release|Any CPU
		{93D47EB9-F973-495F-AA7A-E079865CE108}.Release|x64.Build.0 = Release|Any CPU
		{93D47EB9-F973-495F-AA7A-E079865CE108}.Release|x86.ActiveCfg = Release|Any CPU
		{93D47EB9-F973-495F-AA7A-E079865CE108}.Release|x86.Build.0 = Release|Any CPU
	EndGlobalSection
	GlobalSection(SolutionProperties) = preSolution
		HideSolutionNode = FALSE
	EndGlobalSection
	GlobalSection(NestedProjects) = preSolution
		{ABFAA5DF-1D3F-4FF9-ABC8-3B9E226335FC} = {827E0CD3-B72D-47B6-A68D-7590B98EB39B}
		{16966C95-0C55-4C74-A740-BB4909196AB4} = {827E0CD3-B72D-47B6-A68D-7590B98EB39B}
		{D3CB3305-04E0-4B34-9509-177DA2658970} = {827E0CD3-B72D-47B6-A68D-7590B98EB39B}
		{2EE92090-B105-4D3B-B571-0B8CC8302BC7} = {827E0CD3-B72D-47B6-A68D-7590B98EB39B}
		{9D945D2F-C41A-495E-8FAB-303141F37FB9} = {827E0CD3-B72D-47B6-A68D-7590B98EB39B}
		{6AA6E9B9-D13A-4EEA-AF1F-06A1524B27CB} = {827E0CD3-B72D-47B6-A68D-7590B98EB39B}
		{29895B64-C68A-4523-863F-CF428048B077} = {0AB3BF05-4346-4AA6-1389-037BE0695223}
		{A0204408-94D6-4B77-8B0C-6113E4828019} = {827E0CD3-B72D-47B6-A68D-7590B98EB39B}
		{907FF544-69CB-416F-9BF5-277D489AE6AC} = {827E0CD3-B72D-47B6-A68D-7590B98EB39B}
		{AF9D2A9B-A5EB-4AD2-9520-4F800503659A} = {827E0CD3-B72D-47B6-A68D-7590B98EB39B}
		{C7CAD71D-CA0D-4BA1-9DBD-4E531FC422C3} = {827E0CD3-B72D-47B6-A68D-7590B98EB39B}
		{27633ED0-2605-4158-AEA9-32AC2B2B4B8E} = {827E0CD3-B72D-47B6-A68D-7590B98EB39B}
		{C612D40B-D446-4BC6-833C-65CCEF6C9DB1} = {827E0CD3-B72D-47B6-A68D-7590B98EB39B}
		{30DA1E7E-E9F0-4204-8C9E-BC056AA798E5} = {827E0CD3-B72D-47B6-A68D-7590B98EB39B}
		{5EB72841-AB62-4A05-BDF2-6015DCB146E3} = {827E0CD3-B72D-47B6-A68D-7590B98EB39B}
		{FCE4EB98-DCE4-444B-B30A-197873274156} = {827E0CD3-B72D-47B6-A68D-7590B98EB39B}
		{9DA6FC63-0C0A-4988-943B-7475CFB378EA} = {827E0CD3-B72D-47B6-A68D-7590B98EB39B}
		{AB0AE067-4059-41CA-9564-63C187D9A674} = {827E0CD3-B72D-47B6-A68D-7590B98EB39B}
		{C4A1B2D3-E4F5-4678-90AB-CDEF12345678} = {827E0CD3-B72D-47B6-A68D-7590B98EB39B}
		{975CE921-8BD0-4B8C-B3F5-272ACA632537} = {0AB3BF05-4346-4AA6-1389-037BE0695223}
		{325125A6-4F10-4EC8-B1DD-C2FABC9BB9E4} = {0AB3BF05-4346-4AA6-1389-037BE0695223}
		{93D47EB9-F973-495F-AA7A-E079865CE108} = {0AB3BF05-4346-4AA6-1389-037BE0695223}
	EndGlobalSection
EndGlobal
